// !$*UTF8*$!
{
	archiveVersion = 1;
	classes = {
	};
	objectVersion = 51;
	objects = {

/* Begin PBXBuildFile section */
		1B6FE80C8129EF22CF116CC4 /* Pods_flixter.framework in Frameworks */ = {isa = PBXBuildFile; fileRef = BE38D7A75279DBB9BE0CBE7E /* Pods_flixter.framework */; };
		C70ED18523CFA3E500C85332 /* AppDelegate.swift in Sources */ = {isa = PBXBuildFile; fileRef = C70ED18423CFA3E500C85332 /* AppDelegate.swift */; };
		C70ED18723CFA3E500C85332 /* SceneDelegate.swift in Sources */ = {isa = PBXBuildFile; fileRef = C70ED18623CFA3E500C85332 /* SceneDelegate.swift */; };
		C70ED18923CFA3E500C85332 /* ViewController.swift in Sources */ = {isa = PBXBuildFile; fileRef = C70ED18823CFA3E500C85332 /* ViewController.swift */; };
		C70ED18C23CFA3E500C85332 /* Main.storyboard in Resources */ = {isa = PBXBuildFile; fileRef = C70ED18A23CFA3E500C85332 /* Main.storyboard */; };
		C70ED18E23CFA3EC00C85332 /* Assets.xcassets in Resources */ = {isa = PBXBuildFile; fileRef = C70ED18D23CFA3EC00C85332 /* Assets.xcassets */; };
		C70ED19123CFA3EC00C85332 /* LaunchScreen.storyboard in Resources */ = {isa = PBXBuildFile; fileRef = C70ED18F23CFA3EC00C85332 /* LaunchScreen.storyboard */; };
		C799C01B23D62A7F0098CFD6 /* MovieDetailsViewController.swift in Sources */ = {isa = PBXBuildFile; fileRef = C799C01A23D62A7F0098CFD6 /* MovieDetailsViewController.swift */; };
		C799C01D23D63B730098CFD6 /* MovieGridViewController.swift in Sources */ = {isa = PBXBuildFile; fileRef = C799C01C23D63B730098CFD6 /* MovieGridViewController.swift */; };
		C799C02123D6512C0098CFD6 /* MovieGridCell.swift in Sources */ = {isa = PBXBuildFile; fileRef = C799C02023D6512C0098CFD6 /* MovieGridCell.swift */; };
		C7E525E123D373D40074F412 /* MoviesViewController.swift in Sources */ = {isa = PBXBuildFile; fileRef = C7E525E023D373D40074F412 /* MoviesViewController.swift */; };
		C7E525E323D3E4380074F412 /* MovieCell.swift in Sources */ = {isa = PBXBuildFile; fileRef = C7E525E223D3E4380074F412 /* MovieCell.swift */; };
/* End PBXBuildFile section */

/* Begin PBXFileReference section */
		792E557BA8A5D25A7BBB1E2D /* Pods-flixter.debug.xcconfig */ = {isa = PBXFileReference; includeInIndex = 1; lastKnownFileType = text.xcconfig; name = "Pods-flixter.debug.xcconfig"; path = "Target Support Files/Pods-flixter/Pods-flixter.debug.xcconfig"; sourceTree = "<group>"; };
		BE38D7A75279DBB9BE0CBE7E /* Pods_flixter.framework */ = {isa = PBXFileReference; explicitFileType = wrapper.framework; includeInIndex = 0; path = Pods_flixter.framework; sourceTree = BUILT_PRODUCTS_DIR; };
		C70ED18123CFA3E500C85332 /* flixter.app */ = {isa = PBXFileReference; explicitFileType = wrapper.application; includeInIndex = 0; path = flixter.app; sourceTree = BUILT_PRODUCTS_DIR; };
		C70ED18423CFA3E500C85332 /* AppDelegate.swift */ = {isa = PBXFileReference; lastKnownFileType = sourcecode.swift; path = AppDelegate.swift; sourceTree = "<group>"; };
		C70ED18623CFA3E500C85332 /* SceneDelegate.swift */ = {isa = PBXFileReference; lastKnownFileType = sourcecode.swift; path = SceneDelegate.swift; sourceTree = "<group>"; };
		C70ED18823CFA3E500C85332 /* ViewController.swift */ = {isa = PBXFileReference; lastKnownFileType = sourcecode.swift; path = ViewController.swift; sourceTree = "<group>"; };
		C70ED18B23CFA3E500C85332 /* Base */ = {isa = PBXFileReference; lastKnownFileType = file.storyboard; name = Base; path = Base.lproj/Main.storyboard; sourceTree = "<group>"; };
		C70ED18D23CFA3EC00C85332 /* Assets.xcassets */ = {isa = PBXFileReference; lastKnownFileType = folder.assetcatalog; path = Assets.xcassets; sourceTree = "<group>"; };
		C70ED19023CFA3EC00C85332 /* Base */ = {isa = PBXFileReference; lastKnownFileType = file.storyboard; name = Base; path = Base.lproj/LaunchScreen.storyboard; sourceTree = "<group>"; };
		C70ED19223CFA3EC00C85332 /* Info.plist */ = {isa = PBXFileReference; lastKnownFileType = text.plist.xml; path = Info.plist; sourceTree = "<group>"; };
		C799C01A23D62A7F0098CFD6 /* MovieDetailsViewController.swift */ = {isa = PBXFileReference; lastKnownFileType = sourcecode.swift; path = MovieDetailsViewController.swift; sourceTree = "<group>"; };
		C799C01C23D63B730098CFD6 /* MovieGridViewController.swift */ = {isa = PBXFileReference; lastKnownFileType = sourcecode.swift; path = MovieGridViewController.swift; sourceTree = "<group>"; };
		C799C02023D6512C0098CFD6 /* MovieGridCell.swift */ = {isa = PBXFileReference; lastKnownFileType = sourcecode.swift; path = MovieGridCell.swift; sourceTree = "<group>"; };
		C7E525E023D373D40074F412 /* MoviesViewController.swift */ = {isa = PBXFileReference; lastKnownFileType = sourcecode.swift; path = MoviesViewController.swift; sourceTree = "<group>"; };
		C7E525E223D3E4380074F412 /* MovieCell.swift */ = {isa = PBXFileReference; lastKnownFileType = sourcecode.swift; path = MovieCell.swift; sourceTree = "<group>"; };
		DFFC9F19FFDB735968A8D69E /* Pods-flixter.release.xcconfig */ = {isa = PBXFileReference; includeInIndex = 1; lastKnownFileType = text.xcconfig; name = "Pods-flixter.release.xcconfig"; path = "Target Support Files/Pods-flixter/Pods-flixter.release.xcconfig"; sourceTree = "<group>"; };
/* End PBXFileReference section */

/* Begin PBXFrameworksBuildPhase section */
		C70ED17E23CFA3E500C85332 /* Frameworks */ = {
			isa = PBXFrameworksBuildPhase;
			buildActionMask = 2147483647;
			files = (
				1B6FE80C8129EF22CF116CC4 /* Pods_flixter.framework in Frameworks */,
			);
			runOnlyForDeploymentPostprocessing = 0;
		};
/* End PBXFrameworksBuildPhase section */

/* Begin PBXGroup section */
		11D7B57FAC02264BD9DC81BC /* Pods */ = {
			isa = PBXGroup;
			children = (
				792E557BA8A5D25A7BBB1E2D /* Pods-flixter.debug.xcconfig */,
				DFFC9F19FFDB735968A8D69E /* Pods-flixter.release.xcconfig */,
			);
			path = Pods;
			sourceTree = "<group>";
		};
		B9093CEE8E829D994034C2E4 /* Frameworks */ = {
			isa = PBXGroup;
			children = (
				BE38D7A75279DBB9BE0CBE7E /* Pods_flixter.framework */,
			);
			name = Frameworks;
			sourceTree = "<group>";
		};
		C70ED17823CFA3E500C85332 = {
			isa = PBXGroup;
			children = (
				C70ED18323CFA3E500C85332 /* flixter */,
				C70ED18223CFA3E500C85332 /* Products */,
				11D7B57FAC02264BD9DC81BC /* Pods */,
				B9093CEE8E829D994034C2E4 /* Frameworks */,
			);
			sourceTree = "<group>";
		};
		C70ED18223CFA3E500C85332 /* Products */ = {
			isa = PBXGroup;
			children = (
				C70ED18123CFA3E500C85332 /* flixter.app */,
			);
			name = Products;
			sourceTree = "<group>";
		};
		C70ED18323CFA3E500C85332 /* flixter */ = {
			isa = PBXGroup;
			children = (
				C70ED18423CFA3E500C85332 /* AppDelegate.swift */,
				C70ED18623CFA3E500C85332 /* SceneDelegate.swift */,
				C70ED18823CFA3E500C85332 /* ViewController.swift */,
				C70ED18A23CFA3E500C85332 /* Main.storyboard */,
				C799C02023D6512C0098CFD6 /* MovieGridCell.swift */,
				C7E525E223D3E4380074F412 /* MovieCell.swift */,
				C70ED18D23CFA3EC00C85332 /* Assets.xcassets */,
				C70ED18F23CFA3EC00C85332 /* LaunchScreen.storyboard */,
				C70ED19223CFA3EC00C85332 /* Info.plist */,
				C7E525E023D373D40074F412 /* MoviesViewController.swift */,
				C799C01A23D62A7F0098CFD6 /* MovieDetailsViewController.swift */,
				C799C01C23D63B730098CFD6 /* MovieGridViewController.swift */,
			);
			path = flixter;
			sourceTree = "<group>";
		};
/* End PBXGroup section */

/* Begin PBXNativeTarget section */
		C70ED18023CFA3E500C85332 /* flixter */ = {
			isa = PBXNativeTarget;
			buildConfigurationList = C70ED19523CFA3EC00C85332 /* Build configuration list for PBXNativeTarget "flixter" */;
			buildPhases = (
				2CF5489705C3813F73312B22 /* [CP] Check Pods Manifest.lock */,
				C70ED17D23CFA3E500C85332 /* Sources */,
				C70ED17E23CFA3E500C85332 /* Frameworks */,
				C70ED17F23CFA3E500C85332 /* Resources */,
				638B01B2AFA45F5A4A152DA2 /* [CP] Embed Pods Frameworks */,
			);
			buildRules = (
			);
			dependencies = (
			);
			name = flixter;
			productName = flixter;
			productReference = C70ED18123CFA3E500C85332 /* flixter.app */;
			productType = "com.apple.product-type.application";
		};
/* End PBXNativeTarget section */

/* Begin PBXProject section */
		C70ED17923CFA3E500C85332 /* Project object */ = {
			isa = PBXProject;
			attributes = {
				LastSwiftUpdateCheck = 1130;
				LastUpgradeCheck = 1130;
				ORGANIZATIONNAME = "Ashraf Khan";
				TargetAttributes = {
					C70ED18023CFA3E500C85332 = {
						CreatedOnToolsVersion = 11.3;
					};
				};
			};
			buildConfigurationList = C70ED17C23CFA3E500C85332 /* Build configuration list for PBXProject "flixter" */;
			compatibilityVersion = "Xcode 9.3";
			developmentRegion = en;
			hasScannedForEncodings = 0;
			knownRegions = (
				en,
				Base,
			);
			mainGroup = C70ED17823CFA3E500C85332;
			productRefGroup = C70ED18223CFA3E500C85332 /* Products */;
			projectDirPath = "";
			projectRoot = "";
			targets = (
				C70ED18023CFA3E500C85332 /* flixter */,
			);
		};
/* End PBXProject section */

/* Begin PBXResourcesBuildPhase section */
		C70ED17F23CFA3E500C85332 /* Resources */ = {
			isa = PBXResourcesBuildPhase;
			buildActionMask = 2147483647;
			files = (
				C70ED19123CFA3EC00C85332 /* LaunchScreen.storyboard in Resources */,
				C70ED18E23CFA3EC00C85332 /* Assets.xcassets in Resources */,
				C70ED18C23CFA3E500C85332 /* Main.storyboard in Resources */,
			);
			runOnlyForDeploymentPostprocessing = 0;
		};
/* End PBXResourcesBuildPhase section */

/* Begin PBXShellScriptBuildPhase section */
		2CF5489705C3813F73312B22 /* [CP] Check Pods Manifest.lock */ = {
			isa = PBXShellScriptBuildPhase;
			buildActionMask = 2147483647;
			files = (
			);
			inputFileListPaths = (
			);
			inputPaths = (
				"${PODS_PODFILE_DIR_PATH}/Podfile.lock",
				"${PODS_ROOT}/Manifest.lock",
			);
			name = "[CP] Check Pods Manifest.lock";
			outputFileListPaths = (
			);
			outputPaths = (
				"$(DERIVED_FILE_DIR)/Pods-flixter-checkManifestLockResult.txt",
			);
			runOnlyForDeploymentPostprocessing = 0;
			shellPath = /bin/sh;
			shellScript = "diff \"${PODS_PODFILE_DIR_PATH}/Podfile.lock\" \"${PODS_ROOT}/Manifest.lock\" > /dev/null\nif [ $? != 0 ] ; then\n    # print error to STDERR\n    echo \"error: The sandbox is not in sync with the Podfile.lock. Run 'pod install' or update your CocoaPods installation.\" >&2\n    exit 1\nfi\n# This output is used by Xcode 'outputs' to avoid re-running this script phase.\necho \"SUCCESS\" > \"${SCRIPT_OUTPUT_FILE_0}\"\n";
			showEnvVarsInLog = 0;
		};
		638B01B2AFA45F5A4A152DA2 /* [CP] Embed Pods Frameworks */ = {
			isa = PBXShellScriptBuildPhase;
			buildActionMask = 2147483647;
			files = (
			);
			inputFileListPaths = (
				"${PODS_ROOT}/Target Support Files/Pods-flixter/Pods-flixter-frameworks-${CONFIGURATION}-input-files.xcfilelist",
			);
			name = "[CP] Embed Pods Frameworks";
			outputFileListPaths = (
				"${PODS_ROOT}/Target Support Files/Pods-flixter/Pods-flixter-frameworks-${CONFIGURATION}-output-files.xcfilelist",
			);
			runOnlyForDeploymentPostprocessing = 0;
			shellPath = /bin/sh;
			shellScript = "\"${PODS_ROOT}/Target Support Files/Pods-flixter/Pods-flixter-frameworks.sh\"\n";
			showEnvVarsInLog = 0;
		};
/* End PBXShellScriptBuildPhase section */

/* Begin PBXSourcesBuildPhase section */
		C70ED17D23CFA3E500C85332 /* Sources */ = {
			isa = PBXSourcesBuildPhase;
			buildActionMask = 2147483647;
			files = (
				C70ED18923CFA3E500C85332 /* ViewController.swift in Sources */,
				C70ED18523CFA3E500C85332 /* AppDelegate.swift in Sources */,
				C799C01B23D62A7F0098CFD6 /* MovieDetailsViewController.swift in Sources */,
				C799C01D23D63B730098CFD6 /* MovieGridViewController.swift in Sources */,
				C799C02123D6512C0098CFD6 /* MovieGridCell.swift in Sources */,
				C70ED18723CFA3E500C85332 /* SceneDelegate.swift in Sources */,
				C7E525E323D3E4380074F412 /* MovieCell.swift in Sources */,
				C7E525E123D373D40074F412 /* MoviesViewController.swift in Sources */,
			);
			runOnlyForDeploymentPostprocessing = 0;
		};
/* End PBXSourcesBuildPhase section */

/* Begin PBXVariantGroup section */
		C70ED18A23CFA3E500C85332 /* Main.storyboard */ = {
			isa = PBXVariantGroup;
			children = (
				C70ED18B23CFA3E500C85332 /* Base */,
			);
			name = Main.storyboard;
			sourceTree = "<group>";
		};
		C70ED18F23CFA3EC00C85332 /* LaunchScreen.storyboard */ = {
			isa = PBXVariantGroup;
			children = (
				C70ED19023CFA3EC00C85332 /* Base */,
			);
			name = LaunchScreen.storyboard;
			sourceTree = "<group>";
		};
/* End PBXVariantGroup section */

/* Begin XCBuildConfiguration section */
		C70ED19323CFA3EC00C85332 /* Debug */ = {
			isa = XCBuildConfiguration;
			buildSettings = {
				ALWAYS_SEARCH_USER_PATHS = NO;
				CLANG_ANALYZER_NONNULL = YES;
				CLANG_ANALYZER_NUMBER_OBJECT_CONVERSION = YES_AGGRESSIVE;
				CLANG_CXX_LANGUAGE_STANDARD = "gnu++14";
				CLANG_CXX_LIBRARY = "libc++";
				CLANG_ENABLE_MODULES = YES;
				CLANG_ENABLE_OBJC_ARC = YES;
				CLANG_ENABLE_OBJC_WEAK = YES;
				CLANG_WARN_BLOCK_CAPTURE_AUTORELEASING = YES;
				CLANG_WARN_BOOL_CONVERSION = YES;
				CLANG_WARN_COMMA = YES;
				CLANG_WARN_CONSTANT_CONVERSION = YES;
				CLANG_WARN_DEPRECATED_OBJC_IMPLEMENTATIONS = YES;
				CLANG_WARN_DIRECT_OBJC_ISA_USAGE = YES_ERROR;
				CLANG_WARN_DOCUMENTATION_COMMENTS = YES;
				CLANG_WARN_EMPTY_BODY = YES;
				CLANG_WARN_ENUM_CONVERSION = YES;
				CLANG_WARN_INFINITE_RECURSION = YES;
				CLANG_WARN_INT_CONVERSION = YES;
				CLANG_WARN_NON_LITERAL_NULL_CONVERSION = YES;
				CLANG_WARN_OBJC_IMPLICIT_RETAIN_SELF = YES;
				CLANG_WARN_OBJC_LITERAL_CONVERSION = YES;
				CLANG_WARN_OBJC_ROOT_CLASS = YES_ERROR;
				CLANG_WARN_RANGE_LOOP_ANALYSIS = YES;
				CLANG_WARN_STRICT_PROTOTYPES = YES;
				CLANG_WARN_SUSPICIOUS_MOVE = YES;
				CLANG_WARN_UNGUARDED_AVAILABILITY = YES_AGGRESSIVE;
				CLANG_WARN_UNREACHABLE_CODE = YES;
				CLANG_WARN__DUPLICATE_METHOD_MATCH = YES;
				COPY_PHASE_STRIP = NO;
				DEBUG_INFORMATION_FORMAT = dwarf;
				ENABLE_STRICT_OBJC_MSGSEND = YES;
				ENABLE_TESTABILITY = YES;
				GCC_C_LANGUAGE_STANDARD = gnu11;
				GCC_DYNAMIC_NO_PIC = NO;
				GCC_NO_COMMON_BLOCKS = YES;
				GCC_OPTIMIZATION_LEVEL = 0;
				GCC_PREPROCESSOR_DEFINITIONS = (
					"DEBUG=1",
					"$(inherited)",
				);
				GCC_WARN_64_TO_32_BIT_CONVERSION = YES;
				GCC_WARN_ABOUT_RETURN_TYPE = YES_ERROR;
				GCC_WARN_UNDECLARED_SELECTOR = YES;
				GCC_WARN_UNINITIALIZED_AUTOS = YES_AGGRESSIVE;
				GCC_WARN_UNUSED_FUNCTION = YES;
				GCC_WARN_UNUSED_VARIABLE = YES;
				IPHONEOS_DEPLOYMENT_TARGET = 13.2;
				MTL_ENABLE_DEBUG_INFO = INCLUDE_SOURCE;
				MTL_FAST_MATH = YES;
				ONLY_ACTIVE_ARCH = YES;
				SDKROOT = iphoneos;
				SWIFT_ACTIVE_COMPILATION_CONDITIONS = DEBUG;
				SWIFT_OPTIMIZATION_LEVEL = "-Onone";
			};
			name = Debug;
		};
		C70ED19423CFA3EC00C85332 /* Release */ = {
			isa = XCBuildConfiguration;
			buildSettings = {
				ALWAYS_SEARCH_USER_PATHS = NO;
				CLANG_ANALYZER_NONNULL = YES;
				CLANG_ANALYZER_NUMBER_OBJECT_CONVERSION = YES_AGGRESSIVE;
				CLANG_CXX_LANGUAGE_STANDARD = "gnu++14";
				CLANG_CXX_LIBRARY = "libc++";
				CLANG_ENABLE_MODULES = YES;
				CLANG_ENABLE_OBJC_ARC = YES;
				CLANG_ENABLE_OBJC_WEAK = YES;
				CLANG_WARN_BLOCK_CAPTURE_AUTORELEASING = YES;
				CLANG_WARN_BOOL_CONVERSION = YES;
				CLANG_WARN_COMMA = YES;
				CLANG_WARN_CONSTANT_CONVERSION = YES;
				CLANG_WARN_DEPRECATED_OBJC_IMPLEMENTATIONS = YES;
				CLANG_WARN_DIRECT_OBJC_ISA_USAGE = YES_ERROR;
				CLANG_WARN_DOCUMENTATION_COMMENTS = YES;
				CLANG_WARN_EMPTY_BODY = YES;
				CLANG_WARN_ENUM_CONVERSION = YES;
				CLANG_WARN_INFINITE_RECURSION = YES;
				CLANG_WARN_INT_CONVERSION = YES;
				CLANG_WARN_NON_LITERAL_NULL_CONVERSION = YES;
				CLANG_WARN_OBJC_IMPLICIT_RETAIN_SELF = YES;
				CLANG_WARN_OBJC_LITERAL_CONVERSION = YES;
				CLANG_WARN_OBJC_ROOT_CLASS = YES_ERROR;
				CLANG_WARN_RANGE_LOOP_ANALYSIS = YES;
				CLANG_WARN_STRICT_PROTOTYPES = YES;
				CLANG_WARN_SUSPICIOUS_MOVE = YES;
				CLANG_WARN_UNGUARDED_AVAILABILITY = YES_AGGRESSIVE;
				CLANG_WARN_UNREACHABLE_CODE = YES;
				CLANG_WARN__DUPLICATE_METHOD_MATCH = YES;
				COPY_PHASE_STRIP = NO;
				DEBUG_INFORMATION_FORMAT = "dwarf-with-dsym";
				ENABLE_NS_ASSERTIONS = NO;
				ENABLE_STRICT_OBJC_MSGSEND = YES;
				GCC_C_LANGUAGE_STANDARD = gnu11;
				GCC_NO_COMMON_BLOCKS = YES;
				GCC_WARN_64_TO_32_BIT_CONVERSION = YES;
				GCC_WARN_ABOUT_RETURN_TYPE = YES_ERROR;
				GCC_WARN_UNDECLARED_SELECTOR = YES;
				GCC_WARN_UNINITIALIZED_AUTOS = YES_AGGRESSIVE;
				GCC_WARN_UNUSED_FUNCTION = YES;
				GCC_WARN_UNUSED_VARIABLE = YES;
				IPHONEOS_DEPLOYMENT_TARGET = 13.2;
				MTL_ENABLE_DEBUG_INFO = NO;
				MTL_FAST_MATH = YES;
				SDKROOT = iphoneos;
				SWIFT_COMPILATION_MODE = wholemodule;
				SWIFT_OPTIMIZATION_LEVEL = "-O";
				VALIDATE_PRODUCT = YES;
			};
			name = Release;
		};
		C70ED19623CFA3EC00C85332 /* Debug */ = {
			isa = XCBuildConfiguration;
			baseConfigurationReference = 792E557BA8A5D25A7BBB1E2D /* Pods-flixter.debug.xcconfig */;
			buildSettings = {
				ASSETCATALOG_COMPILER_APPICON_NAME = AppIcon;
				CODE_SIGN_STYLE = Automatic;
				INFOPLIST_FILE = flixter/Info.plist;
				LD_RUNPATH_SEARCH_PATHS = (
					"$(inherited)",
					"@executable_path/Frameworks",
				);
				PRODUCT_BUNDLE_IDENTIFIER = com.codepath.flixter;
				PRODUCT_NAME = "$(TARGET_NAME)";
				SWIFT_VERSION = 5.0;
				TARGETED_DEVICE_FAMILY = "1,2";
			};
			name = Debug;
		};
		C70ED19723CFA3EC00C85332 /* Release */ = {
			isa = XCBuildConfiguration;
			baseConfigurationReference = DFFC9F19FFDB735968A8D69E /* Pods-flixter.release.xcconfig */;
			buildSettings = {
				ASSETCATALOG_COMPILER_APPICON_NAME = AppIcon;
				CODE_SIGN_STYLE = Automatic;
				INFOPLIST_FILE = flixter/Info.plist;
				LD_RUNPATH_SEARCH_PATHS = (
					"$(inherited)",
					"@executable_path/Frameworks",
				);
				PRODUCT_BUNDLE_IDENTIFIER = com.codepath.flixter;
				PRODUCT_NAME = "$(TARGET_NAME)";
				SWIFT_VERSION = 5.0;
				TARGETED_DEVICE_FAMILY = "1,2";
			};
			name = Release;
		};
/* End XCBuildConfiguration section */

/* Begin XCConfigurationList section */
		C70ED17C23CFA3E500C85332 /* Build configuration list for PBXProject "flixter" */ = {
			isa = XCConfigurationList;
			buildConfigurations = (
				C70ED19323CFA3EC00C85332 /* Debug */,
				C70ED19423CFA3EC00C85332 /* Release */,
			);
			defaultConfigurationIsVisible = 0;
			defaultConfigurationName = Release;
		};
		C70ED19523CFA3EC00C85332 /* Build configuration list for PBXNativeTarget "flixter" */ = {
			isa = XCConfigurationList;
			buildConfigurations = (
				C70ED19623CFA3EC00C85332 /* Debug */,
				C70ED19723CFA3EC00C85332 /* Release */,
			);
			defaultConfigurationIsVisible = 0;
			defaultConfigurationName = Release;
		};
/* End XCConfigurationList section */
	};
	rootObject = C70ED17923CFA3E500C85332 /* Project object */;
}
